
Microsoft Visual Studio Solution File, Format Version 12.00
# Visual Studio 2012
Project("{FAE04EC0-301F-11D3-BF4B-00C04F79EFBC}") = "VectorArenaWin8", "VectorArenaWin8\VectorArenaWin8.csproj", "{AFFDEAAD-802C-4DEB-8C67-907343477A23}"
	ProjectSection(ProjectDependencies) = postProject
		{CF85F6B2-387B-4DA5-90A8-518A4BD04C92} = {CF85F6B2-387B-4DA5-90A8-518A4BD04C92}
	EndProjectSection
EndProject
Project("{CC5FD16D-436D-48AD-A40C-5A424C6E3E79}") = "VectorArenaCloudService", "VectorArenaCloudService\VectorArenaCloudService.ccproj", "{768A9456-A295-4D3A-8080-0C2E0C0E0A68}"
EndProject
Project("{FAE04EC0-301F-11D3-BF4B-00C04F79EFBC}") = "VectorArenaWebRole", "VectorArenaWebRole\VectorArenaWebRole.csproj", "{CF85F6B2-387B-4DA5-90A8-518A4BD04C92}"
EndProject
Global
	GlobalSection(SolutionConfigurationPlatforms) = preSolution
		Debug|Any CPU = Debug|Any CPU
		Debug|ARM = Debug|ARM
		Debug|x64 = Debug|x64
		Debug|x86 = Debug|x86
		Release|Any CPU = Release|Any CPU
		Release|ARM = Release|ARM
		Release|x64 = Release|x64
		Release|x86 = Release|x86
	EndGlobalSection
	GlobalSection(ProjectConfigurationPlatforms) = postSolution
		{AFFDEAAD-802C-4DEB-8C67-907343477A23}.Debug|Any CPU.ActiveCfg = Debug|Any CPU
		{AFFDEAAD-802C-4DEB-8C67-907343477A23}.Debug|Any CPU.Build.0 = Debug|Any CPU
		{AFFDEAAD-802C-4DEB-8C67-907343477A23}.Debug|Any CPU.Deploy.0 = Debug|Any CPU
		{AFFDEAAD-802C-4DEB-8C67-907343477A23}.Debug|ARM.ActiveCfg = Debug|ARM
		{AFFDEAAD-802C-4DEB-8C67-907343477A23}.Debug|ARM.Build.0 = Debug|ARM
		{AFFDEAAD-802C-4DEB-8C67-907343477A23}.Debug|ARM.Deploy.0 = Debug|ARM
		{AFFDEAAD-802C-4DEB-8C67-907343477A23}.Debug|x64.ActiveCfg = Debug|x64
		{AFFDEAAD-802C-4DEB-8C67-907343477A23}.Debug|x64.Build.0 = Debug|x64
		{AFFDEAAD-802C-4DEB-8C67-907343477A23}.Debug|x64.Deploy.0 = Debug|x64
		{AFFDEAAD-802C-4DEB-8C67-907343477A23}.Debug|x86.ActiveCfg = Debug|x86
		{AFFDEAAD-802C-4DEB-8C67-907343477A23}.Debug|x86.Build.0 = Debug|x86
		{AFFDEAAD-802C-4DEB-8C67-907343477A23}.Debug|x86.Deploy.0 = Debug|x86
		{AFFDEAAD-802C-4DEB-8C67-907343477A23}.Release|Any CPU.ActiveCfg = Release|Any CPU
		{AFFDEAAD-802C-4DEB-8C67-907343477A23}.Release|Any CPU.Build.0 = Release|Any CPU
		{AFFDEAAD-802C-4DEB-8C67-907343477A23}.Release|Any CPU.Deploy.0 = Release|Any CPU
		{AFFDEAAD-802C-4DEB-8C67-907343477A23}.Release|ARM.ActiveCfg = Release|ARM
		{AFFDEAAD-802C-4DEB-8C67-907343477A23}.Release|ARM.Build.0 = Release|ARM
		{AFFDEAAD-802C-4DEB-8C67-907343477A23}.Release|ARM.Deploy.0 = Release|ARM
		{AFFDEAAD-802C-4DEB-8C67-907343477A23}.Release|x64.ActiveCfg = Release|x64
		{AFFDEAAD-802C-4DEB-8C67-907343477A23}.Release|x64.Build.0 = Release|x64
		{AFFDEAAD-802C-4DEB-8C67-907343477A23}.Release|x64.Deploy.0 = Release|x64
		{AFFDEAAD-802C-4DEB-8C67-907343477A23}.Release|x86.ActiveCfg = Release|x86
		{AFFDEAAD-802C-4DEB-8C67-907343477A23}.Release|x86.Build.0 = Release|x86
		{AFFDEAAD-802C-4DEB-8C67-907343477A23}.Release|x86.Deploy.0 = Release|x86
		{768A9456-A295-4D3A-8080-0C2E0C0E0A68}.Debug|Any CPU.ActiveCfg = Debug|Any CPU
		{768A9456-A295-4D3A-8080-0C2E0C0E0A68}.Debug|Any CPU.Build.0 = Debug|Any CPU
		{768A9456-A295-4D3A-8080-0C2E0C0E0A68}.Debug|ARM.ActiveCfg = Debug|Any CPU
		{768A9456-A295-4D3A-8080-0C2E0C0E0A68}.Debug|x64.ActiveCfg = Debug|Any CPU
		{768A9456-A295-4D3A-8080-0C2E0C0E0A68}.Debug|x86.ActiveCfg = Debug|Any CPU
		{768A9456-A295-4D3A-8080-0C2E0C0E0A68}.Release|Any CPU.ActiveCfg = Release|Any CPU
		{768A9456-A295-4D3A-8080-0C2E0C0E0A68}.Release|Any CPU.Build.0 = Release|Any CPU
		{768A9456-A295-4D3A-8080-0C2E0C0E0A68}.Release|ARM.ActiveCfg = Release|Any CPU
		{768A9456-A295-4D3A-8080-0C2E0C0E0A68}.Release|x64.ActiveCfg = Release|Any CPU
		{768A9456-A295-4D3A-8080-0C2E0C0E0A68}.Release|x86.ActiveCfg = Release|Any CPU
		{CF85F6B2-387B-4DA5-90A8-518A4BD04C92}.Debug|Any CPU.ActiveCfg = Debug|Any CPU
		{CF85F6B2-387B-4DA5-90A8-518A4BD04C92}.Debug|Any CPU.Build.0 = Debug|Any CPU
		{CF85F6B2-387B-4DA5-90A8-518A4BD04C92}.Debug|ARM.ActiveCfg = Debug|Any CPU
		{CF85F6B2-387B-4DA5-90A8-518A4BD04C92}.Debug|x64.ActiveCfg = Debug|Any CPU
		{CF85F6B2-387B-4DA5-90A8-518A4BD04C92}.Debug|x86.ActiveCfg = Debug|Any CPU
		{CF85F6B2-387B-4DA5-90A8-518A4BD04C92}.Release|Any CPU.ActiveCfg = Release|Any CPU
		{CF85F6B2-387B-4DA5-90A8-518A4BD04C92}.Release|Any CPU.Build.0 = Release|Any CPU
		{CF85F6B2-387B-4DA5-90A8-518A4BD04C92}.Release|ARM.ActiveCfg = Release|Any CPU
		{CF85F6B2-387B-4DA5-90A8-518A4BD04C92}.Release|x64.ActiveCfg = Release|Any CPU
		{CF85F6B2-387B-4DA5-90A8-518A4BD04C92}.Release|x86.ActiveCfg = Release|Any CPU
	EndGlobalSection
	GlobalSection(SolutionProperties) = preSolution
		HideSolutionNode = FALSE
	EndGlobalSection
EndGlobal
